{
  "name": "layer infinite dollar1usd",
  "lockfileVersion": 3,
  "requires": true,
  "packages": {
    "": {
      "name": "layer infinite dollar1usd",
      "version": "1.0.0",
      "license": "MIT",
      "dependencies": {
        "@openzeppelin/contracts": "^5.0.0",
        "ethers": "^6.10.0"
      },
      "devDependencies": {
        "@nomicfoundation/hardhat-toolbox": "^4.0.0",
        "@types/node": "^20.0.0",
        "hardhat": "^2.19.0",
        "typescript": "^5.2.0"
      }
    }
  },
  "version": 1,
  "lockfileVersion": 3
}